
Microsoft Visual Studio Solution File, Format Version 12.00
# Visual Studio Version 17
VisualStudioVersion = 17.5.33414.496
MinimumVisualStudioVersion = 10.0.40219.1
Project("{FAE04EC0-301F-11D3-BF4B-00C04F79EFBC}") = "hometask6", "hometask6.csproj", "{B11F3507-F881-43F1-A390-9AEFB983D692}"
EndProject
Global
	GlobalSection(SolutionConfigurationPlatforms) = preSolution
		Debug|Any CPU = Debug|Any CPU
		Release|Any CPU = Release|Any CPU
	EndGlobalSection
	GlobalSection(ProjectConfigurationPlatforms) = postSolution
		{B11F3507-F881-43F1-A390-9AEFB983D692}.Debug|Any CPU.ActiveCfg = Debug|Any CPU
		{B11F3507-F881-43F1-A390-9AEFB983D692}.Debug|Any CPU.Build.0 = Debug|Any CPU
		{B11F3507-F881-43F1-A390-9AEFB983D692}.Release|Any CPU.ActiveCfg = Release|Any CPU
		{B11F3507-F881-43F1-A390-9AEFB983D692}.Release|Any CPU.Build.0 = Release|Any CPU
	EndGlobalSection
	GlobalSection(SolutionProperties) = preSolution
		HideSolutionNode = FALSE
	EndGlobalSection
	GlobalSection(ExtensibilityGlobals) = postSolution
		SolutionGuid = {ABF86375-75A5-406E-8AEF-ADDBF80806B4}
	EndGlobalSection
EndGlobal
